
Microsoft Visual Studio Solution File, Format Version 12.00
# Visual Studio Version 17
VisualStudioVersion = 17.5.002.0
MinimumVisualStudioVersion = 10.0.40219.1
Project("{9A19103F-16F7-4668-BE54-9A1E7A4F7556}") = "Blog", "Blog.csproj", "{766ACBD6-3105-42E4-81B8-9537BF5CE67E}"
EndProject
Global
	GlobalSection(SolutionConfigurationPlatforms) = preSolution
		Debug|Any CPU = Debug|Any CPU
		Release|Any CPU = Release|Any CPU
	EndGlobalSection
	GlobalSection(ProjectConfigurationPlatforms) = postSolution
		{766ACBD6-3105-42E4-81B8-9537BF5CE67E}.Debug|Any CPU.ActiveCfg = Debug|Any CPU
		{766ACBD6-3105-42E4-81B8-9537BF5CE67E}.Debug|Any CPU.Build.0 = Debug|Any CPU
		{766ACBD6-3105-42E4-81B8-9537BF5CE67E}.Release|Any CPU.ActiveCfg = Release|Any CPU
		{766ACBD6-3105-42E4-81B8-9537BF5CE67E}.Release|Any CPU.Build.0 = Release|Any CPU
	EndGlobalSection
	GlobalSection(SolutionProperties) = preSolution
		HideSolutionNode = FALSE
	EndGlobalSection
	GlobalSection(ExtensibilityGlobals) = postSolution
		SolutionGuid = {5CCC6B38-D6B8-4383-97F8-94EE2879608E}
	EndGlobalSection
EndGlobal
